
Microsoft Visual Studio Solution File, Format Version 12.00
# Visual Studio Version 17
VisualStudioVersion = 17.7.34031.279
MinimumVisualStudioVersion = 10.0.40219.1
Project("{FAE04EC0-301F-11D3-BF4B-00C04F79EFBC}") = "TrackThread", "TrackThread\TrackThread.csproj", "{944EA98D-6AD5-4350-BD59-D0E53ABBC6FF}"
EndProject
Global
	GlobalSection(SolutionConfigurationPlatforms) = preSolution
		Debug|Any CPU = Debug|Any CPU
		Release|Any CPU = Release|Any CPU
	EndGlobalSection
	GlobalSection(ProjectConfigurationPlatforms) = postSolution
		{944EA98D-6AD5-4350-BD59-D0E53ABBC6FF}.Debug|Any CPU.ActiveCfg = Debug|Any CPU
		{944EA98D-6AD5-4350-BD59-D0E53ABBC6FF}.Debug|Any CPU.Build.0 = Debug|Any CPU
		{944EA98D-6AD5-4350-BD59-D0E53ABBC6FF}.Release|Any CPU.ActiveCfg = Release|Any CPU
		{944EA98D-6AD5-4350-BD59-D0E53ABBC6FF}.Release|Any CPU.Build.0 = Release|Any CPU
	EndGlobalSection
	GlobalSection(SolutionProperties) = preSolution
		HideSolutionNode = FALSE
	EndGlobalSection
	GlobalSection(ExtensibilityGlobals) = postSolution
		SolutionGuid = {22F93C41-A47B-40C8-8D9D-668E693D685C}
	EndGlobalSection
EndGlobal
